// !$*UTF8*$!
{
	archiveVersion = 1;
	classes = {
	};
	objectVersion = 46;
	objects = {

/* Begin PBXBuildFile section */
		B50D8E841903D40200C5BC2C /* SystemConfiguration.framework in Frameworks */ = {isa = PBXBuildFile; fileRef = B50D8E831903D40200C5BC2C /* SystemConfiguration.framework */; };
		B50D8E881903D73400C5BC2C /* Reachability.m in Sources */ = {isa = PBXBuildFile; fileRef = B50D8E871903D73400C5BC2C /* Reachability.m */; };
		B525B8DB16B456710011D811 /* woosh-icon-standard.png in Resources */ = {isa = PBXBuildFile; fileRef = B525B8DA16B456710011D811 /* woosh-icon-standard.png */; };
		B525B8DE16B4567C0011D811 /* woosh-icon-retina.png in Resources */ = {isa = PBXBuildFile; fileRef = B525B8DD16B4567C0011D811 /* woosh-icon-retina.png */; };
		B52C7A6316B9D2F6003923C7 /* SettingsViewController.m in Sources */ = {isa = PBXBuildFile; fileRef = B52C7A6216B9D2F6003923C7 /* SettingsViewController.m */; };
		B54922EC169736A9002C9438 /* Woosh.m in Sources */ = {isa = PBXBuildFile; fileRef = B54922EB169736A9002C9438 /* Woosh.m */; };
		B5527ABB16B5BAE700A7FD85 /* SignupViewController.m in Sources */ = {isa = PBXBuildFile; fileRef = B5527AB916B5BAE700A7FD85 /* SignupViewController.m */; };
		B5527ABC16B5BAE700A7FD85 /* SignupViewController.xib in Resources */ = {isa = PBXBuildFile; fileRef = B5527ABA16B5BAE700A7FD85 /* SignupViewController.xib */; };
		B57330AA18E0929E003DA719 /* ViewPhotoViewController.m in Sources */ = {isa = PBXBuildFile; fileRef = B57330A918E0929E003DA719 /* ViewPhotoViewController.m */; };
		B5A360AA16958A2400AE9B92 /* CoreMotion.framework in Frameworks */ = {isa = PBXBuildFile; fileRef = B5A360A916958A2400AE9B92 /* CoreMotion.framework */; };
		B5B73F9B16929105008A8BBC /* UIKit.framework in Frameworks */ = {isa = PBXBuildFile; fileRef = B5B73F9A16929105008A8BBC /* UIKit.framework */; };
		B5B73F9D16929105008A8BBC /* Foundation.framework in Frameworks */ = {isa = PBXBuildFile; fileRef = B5B73F9C16929105008A8BBC /* Foundation.framework */; };
		B5B73F9F16929105008A8BBC /* CoreGraphics.framework in Frameworks */ = {isa = PBXBuildFile; fileRef = B5B73F9E16929105008A8BBC /* CoreGraphics.framework */; };
		B5B73FA516929105008A8BBC /* InfoPlist.strings in Resources */ = {isa = PBXBuildFile; fileRef = B5B73FA316929105008A8BBC /* InfoPlist.strings */; };
		B5B73FA716929105008A8BBC /* main.m in Sources */ = {isa = PBXBuildFile; fileRef = B5B73FA616929105008A8BBC /* main.m */; };
		B5B73FAB16929105008A8BBC /* AppDelegate.m in Sources */ = {isa = PBXBuildFile; fileRef = B5B73FAA16929105008A8BBC /* AppDelegate.m */; };
		B5B73FAD16929105008A8BBC /* Default.png in Resources */ = {isa = PBXBuildFile; fileRef = B5B73FAC16929105008A8BBC /* Default.png */; };
		B5B73FAF16929105008A8BBC /* Default@2x.png in Resources */ = {isa = PBXBuildFile; fileRef = B5B73FAE16929105008A8BBC /* Default@2x.png */; };
		B5B73FB116929105008A8BBC /* Default-568h@2x.png in Resources */ = {isa = PBXBuildFile; fileRef = B5B73FB016929105008A8BBC /* Default-568h@2x.png */; };
		B5B73FB416929105008A8BBC /* MainStoryboard_iPhone.storyboard in Resources */ = {isa = PBXBuildFile; fileRef = B5B73FB216929105008A8BBC /* MainStoryboard_iPhone.storyboard */; };
		B5B73FB716929105008A8BBC /* MainStoryboard_iPad.storyboard in Resources */ = {isa = PBXBuildFile; fileRef = B5B73FB516929105008A8BBC /* MainStoryboard_iPad.storyboard */; };
		B5B73FBA16929105008A8BBC /* FirstViewController.m in Sources */ = {isa = PBXBuildFile; fileRef = B5B73FB916929105008A8BBC /* FirstViewController.m */; };
		B5B73FBC16929105008A8BBC /* first.png in Resources */ = {isa = PBXBuildFile; fileRef = B5B73FBB16929105008A8BBC /* first.png */; };
		B5B73FBE16929105008A8BBC /* first@2x.png in Resources */ = {isa = PBXBuildFile; fileRef = B5B73FBD16929105008A8BBC /* first@2x.png */; };
		B5B73FC116929105008A8BBC /* SecondViewController.m in Sources */ = {isa = PBXBuildFile; fileRef = B5B73FC016929105008A8BBC /* SecondViewController.m */; };
		B5B73FC316929105008A8BBC /* second.png in Resources */ = {isa = PBXBuildFile; fileRef = B5B73FC216929105008A8BBC /* second.png */; };
		B5B73FC516929105008A8BBC /* second@2x.png in Resources */ = {isa = PBXBuildFile; fileRef = B5B73FC416929105008A8BBC /* second@2x.png */; };
		B5B73FCE16929105008A8BBC /* UIKit.framework in Frameworks */ = {isa = PBXBuildFile; fileRef = B5B73F9A16929105008A8BBC /* UIKit.framework */; };
		B5B73FCF16929105008A8BBC /* Foundation.framework in Frameworks */ = {isa = PBXBuildFile; fileRef = B5B73F9C16929105008A8BBC /* Foundation.framework */; };
		B5B73FD716929105008A8BBC /* InfoPlist.strings in Resources */ = {isa = PBXBuildFile; fileRef = B5B73FD516929105008A8BBC /* InfoPlist.strings */; };
		B5B73FDA16929105008A8BBC /* woosh_photo_appTests.m in Sources */ = {isa = PBXBuildFile; fileRef = B5B73FD916929105008A8BBC /* woosh_photo_appTests.m */; };
		B5B8189816B58D2F007E962F /* LoginViewController.m in Sources */ = {isa = PBXBuildFile; fileRef = B5B8189616B58D2F007E962F /* LoginViewController.m */; };
		B5B8189916B58D2F007E962F /* LoginViewController.xib in Resources */ = {isa = PBXBuildFile; fileRef = B5B8189716B58D2F007E962F /* LoginViewController.xib */; };
		B5B8189D16B58F3E007E962F /* woosh background.png in Resources */ = {isa = PBXBuildFile; fileRef = B5B8189C16B58F3E007E962F /* woosh background.png */; };
		B5CAAA8F16A1900F0015CD67 /* AssetsLibrary.framework in Frameworks */ = {isa = PBXBuildFile; fileRef = B5CAAA8E16A1900F0015CD67 /* AssetsLibrary.framework */; };
		B5D844FD16C7FADD008D190E /* iphone_delete_button.png in Resources */ = {isa = PBXBuildFile; fileRef = B5D844FC16C7FADD008D190E /* iphone_delete_button.png */; };
		B5E3AB31169293F30076A99E /* CoreLocation.framework in Frameworks */ = {isa = PBXBuildFile; fileRef = B5E3AB30169293F30076A99E /* CoreLocation.framework */; };
		B5EA2E0716D2B369007E6B14 /* WooshCardTableViewCell.xib in Resources */ = {isa = PBXBuildFile; fileRef = B5EA2E0616D2B369007E6B14 /* WooshCardTableViewCell.xib */; };
		B5EA2E0A16D2B5E5007E6B14 /* WooshCardTableViewCell.m in Sources */ = {isa = PBXBuildFile; fileRef = B5EA2E0916D2B5E5007E6B14 /* WooshCardTableViewCell.m */; };
		B5F8E1951699FB03000FF293 /* NSData+Base64.m in Sources */ = {isa = PBXBuildFile; fileRef = B5F8E1941699FB03000FF293 /* NSData+Base64.m */; };
/* End PBXBuildFile section */

/* Begin PBXContainerItemProxy section */
		B5B73FD016929105008A8BBC /* PBXContainerItemProxy */ = {
			isa = PBXContainerItemProxy;
			containerPortal = B5B73F8D16929105008A8BBC /* Project object */;
			proxyType = 1;
			remoteGlobalIDString = B5B73F9516929105008A8BBC;
			remoteInfo = "woosh-photo-app";
		};
/* End PBXContainerItemProxy section */

/* Begin PBXFileReference section */
		B50D8E831903D40200C5BC2C /* SystemConfiguration.framework */ = {isa = PBXFileReference; lastKnownFileType = wrapper.framework; name = SystemConfiguration.framework; path = System/Library/Frameworks/SystemConfiguration.framework; sourceTree = SDKROOT; };
		B50D8E861903D73400C5BC2C /* Reachability.h */ = {isa = PBXFileReference; fileEncoding = 4; lastKnownFileType = sourcecode.c.h; path = Reachability.h; sourceTree = "<group>"; };
		B50D8E871903D73400C5BC2C /* Reachability.m */ = {isa = PBXFileReference; fileEncoding = 4; lastKnownFileType = sourcecode.c.objc; path = Reachability.m; sourceTree = "<group>"; };
		B525B8DA16B456710011D811 /* woosh-icon-standard.png */ = {isa = PBXFileReference; lastKnownFileType = image.png; name = "woosh-icon-standard.png"; path = "../woosh-icon-standard.png"; sourceTree = "<group>"; };
		B525B8DD16B4567C0011D811 /* woosh-icon-retina.png */ = {isa = PBXFileReference; lastKnownFileType = image.png; name = "woosh-icon-retina.png"; path = "../woosh-icon-retina.png"; sourceTree = "<group>"; };
		B52C7A6116B9D2F6003923C7 /* SettingsViewController.h */ = {isa = PBXFileReference; fileEncoding = 4; lastKnownFileType = sourcecode.c.h; path = SettingsViewController.h; sourceTree = "<group>"; };
		B52C7A6216B9D2F6003923C7 /* SettingsViewController.m */ = {isa = PBXFileReference; fileEncoding = 4; lastKnownFileType = sourcecode.c.objc; path = SettingsViewController.m; sourceTree = "<group>"; };
		B54922EA169736A9002C9438 /* Woosh.h */ = {isa = PBXFileReference; fileEncoding = 4; lastKnownFileType = sourcecode.c.h; path = Woosh.h; sourceTree = "<group>"; };
		B54922EB169736A9002C9438 /* Woosh.m */ = {isa = PBXFileReference; fileEncoding = 4; lastKnownFileType = sourcecode.c.objc; path = Woosh.m; sourceTree = "<group>"; };
		B5527AB816B5BAE700A7FD85 /* SignupViewController.h */ = {isa = PBXFileReference; fileEncoding = 4; lastKnownFileType = sourcecode.c.h; path = SignupViewController.h; sourceTree = "<group>"; };
		B5527AB916B5BAE700A7FD85 /* SignupViewController.m */ = {isa = PBXFileReference; fileEncoding = 4; lastKnownFileType = sourcecode.c.objc; path = SignupViewController.m; sourceTree = "<group>"; };
		B5527ABA16B5BAE700A7FD85 /* SignupViewController.xib */ = {isa = PBXFileReference; fileEncoding = 4; lastKnownFileType = file.xib; path = SignupViewController.xib; sourceTree = "<group>"; };
		B57330A818E0929E003DA719 /* ViewPhotoViewController.h */ = {isa = PBXFileReference; fileEncoding = 4; lastKnownFileType = sourcecode.c.h; path = ViewPhotoViewController.h; sourceTree = "<group>"; };
		B57330A918E0929E003DA719 /* ViewPhotoViewController.m */ = {isa = PBXFileReference; fileEncoding = 4; lastKnownFileType = sourcecode.c.objc; path = ViewPhotoViewController.m; sourceTree = "<group>"; };
		B5A360A916958A2400AE9B92 /* CoreMotion.framework */ = {isa = PBXFileReference; lastKnownFileType = wrapper.framework; name = CoreMotion.framework; path = System/Library/Frameworks/CoreMotion.framework; sourceTree = SDKROOT; };
		B5B73F9616929105008A8BBC /* woosh-photo-app.app */ = {isa = PBXFileReference; explicitFileType = wrapper.application; includeInIndex = 0; path = "woosh-photo-app.app"; sourceTree = BUILT_PRODUCTS_DIR; };
		B5B73F9A16929105008A8BBC /* UIKit.framework */ = {isa = PBXFileReference; lastKnownFileType = wrapper.framework; name = UIKit.framework; path = System/Library/Frameworks/UIKit.framework; sourceTree = SDKROOT; };
		B5B73F9C16929105008A8BBC /* Foundation.framework */ = {isa = PBXFileReference; lastKnownFileType = wrapper.framework; name = Foundation.framework; path = System/Library/Frameworks/Foundation.framework; sourceTree = SDKROOT; };
		B5B73F9E16929105008A8BBC /* CoreGraphics.framework */ = {isa = PBXFileReference; lastKnownFileType = wrapper.framework; name = CoreGraphics.framework; path = System/Library/Frameworks/CoreGraphics.framework; sourceTree = SDKROOT; };
		B5B73FA216929105008A8BBC /* woosh-photo-app-Info.plist */ = {isa = PBXFileReference; lastKnownFileType = text.plist.xml; path = "woosh-photo-app-Info.plist"; sourceTree = "<group>"; };
		B5B73FA416929105008A8BBC /* en */ = {isa = PBXFileReference; lastKnownFileType = text.plist.strings; name = en; path = en.lproj/InfoPlist.strings; sourceTree = "<group>"; };
		B5B73FA616929105008A8BBC /* main.m */ = {isa = PBXFileReference; lastKnownFileType = sourcecode.c.objc; path = main.m; sourceTree = "<group>"; };
		B5B73FA816929105008A8BBC /* woosh-photo-app-Prefix.pch */ = {isa = PBXFileReference; lastKnownFileType = sourcecode.c.h; path = "woosh-photo-app-Prefix.pch"; sourceTree = "<group>"; };
		B5B73FA916929105008A8BBC /* AppDelegate.h */ = {isa = PBXFileReference; lastKnownFileType = sourcecode.c.h; path = AppDelegate.h; sourceTree = "<group>"; };
		B5B73FAA16929105008A8BBC /* AppDelegate.m */ = {isa = PBXFileReference; lastKnownFileType = sourcecode.c.objc; path = AppDelegate.m; sourceTree = "<group>"; };
		B5B73FAC16929105008A8BBC /* Default.png */ = {isa = PBXFileReference; lastKnownFileType = image.png; path = Default.png; sourceTree = "<group>"; };
		B5B73FAE16929105008A8BBC /* Default@2x.png */ = {isa = PBXFileReference; lastKnownFileType = image.png; path = "Default@2x.png"; sourceTree = "<group>"; };
		B5B73FB016929105008A8BBC /* Default-568h@2x.png */ = {isa = PBXFileReference; lastKnownFileType = image.png; path = "Default-568h@2x.png"; sourceTree = "<group>"; };
		B5B73FB316929105008A8BBC /* en */ = {isa = PBXFileReference; lastKnownFileType = file.storyboard; name = en; path = en.lproj/MainStoryboard_iPhone.storyboard; sourceTree = "<group>"; };
		B5B73FB616929105008A8BBC /* en */ = {isa = PBXFileReference; lastKnownFileType = file.storyboard; name = en; path = en.lproj/MainStoryboard_iPad.storyboard; sourceTree = "<group>"; };
		B5B73FB816929105008A8BBC /* FirstViewController.h */ = {isa = PBXFileReference; lastKnownFileType = sourcecode.c.h; path = FirstViewController.h; sourceTree = "<group>"; };
		B5B73FB916929105008A8BBC /* FirstViewController.m */ = {isa = PBXFileReference; lastKnownFileType = sourcecode.c.objc; path = FirstViewController.m; sourceTree = "<group>"; };
		B5B73FBB16929105008A8BBC /* first.png */ = {isa = PBXFileReference; lastKnownFileType = image.png; path = first.png; sourceTree = "<group>"; };
		B5B73FBD16929105008A8BBC /* first@2x.png */ = {isa = PBXFileReference; lastKnownFileType = image.png; path = "first@2x.png"; sourceTree = "<group>"; };
		B5B73FBF16929105008A8BBC /* SecondViewController.h */ = {isa = PBXFileReference; lastKnownFileType = sourcecode.c.h; path = SecondViewController.h; sourceTree = "<group>"; };
		B5B73FC016929105008A8BBC /* SecondViewController.m */ = {isa = PBXFileReference; lastKnownFileType = sourcecode.c.objc; path = SecondViewController.m; sourceTree = "<group>"; };
		B5B73FC216929105008A8BBC /* second.png */ = {isa = PBXFileReference; lastKnownFileType = image.png; path = second.png; sourceTree = "<group>"; };
		B5B73FC416929105008A8BBC /* second@2x.png */ = {isa = PBXFileReference; lastKnownFileType = image.png; path = "second@2x.png"; sourceTree = "<group>"; };
		B5B73FCB16929105008A8BBC /* woosh-photo-appTests.xctest */ = {isa = PBXFileReference; explicitFileType = wrapper.cfbundle; includeInIndex = 0; path = "woosh-photo-appTests.xctest"; sourceTree = BUILT_PRODUCTS_DIR; };
		B5B73FD416929105008A8BBC /* woosh-photo-appTests-Info.plist */ = {isa = PBXFileReference; lastKnownFileType = text.plist.xml; path = "woosh-photo-appTests-Info.plist"; sourceTree = "<group>"; };
		B5B73FD616929105008A8BBC /* en */ = {isa = PBXFileReference; lastKnownFileType = text.plist.strings; name = en; path = en.lproj/InfoPlist.strings; sourceTree = "<group>"; };
		B5B73FD816929105008A8BBC /* woosh_photo_appTests.h */ = {isa = PBXFileReference; lastKnownFileType = sourcecode.c.h; path = woosh_photo_appTests.h; sourceTree = "<group>"; };
		B5B73FD916929105008A8BBC /* woosh_photo_appTests.m */ = {isa = PBXFileReference; lastKnownFileType = sourcecode.c.objc; path = woosh_photo_appTests.m; sourceTree = "<group>"; };
		B5B8189516B58D2F007E962F /* LoginViewController.h */ = {isa = PBXFileReference; fileEncoding = 4; lastKnownFileType = sourcecode.c.h; path = LoginViewController.h; sourceTree = "<group>"; };
		B5B8189616B58D2F007E962F /* LoginViewController.m */ = {isa = PBXFileReference; fileEncoding = 4; lastKnownFileType = sourcecode.c.objc; path = LoginViewController.m; sourceTree = "<group>"; };
		B5B8189716B58D2F007E962F /* LoginViewController.xib */ = {isa = PBXFileReference; fileEncoding = 4; lastKnownFileType = file.xib; path = LoginViewController.xib; sourceTree = "<group>"; };
		B5B8189C16B58F3E007E962F /* woosh background.png */ = {isa = PBXFileReference; lastKnownFileType = image.png; path = "woosh background.png"; sourceTree = "<group>"; };
		B5CAAA8E16A1900F0015CD67 /* AssetsLibrary.framework */ = {isa = PBXFileReference; lastKnownFileType = wrapper.framework; name = AssetsLibrary.framework; path = System/Library/Frameworks/AssetsLibrary.framework; sourceTree = SDKROOT; };
		B5D844FC16C7FADD008D190E /* iphone_delete_button.png */ = {isa = PBXFileReference; lastKnownFileType = image.png; path = iphone_delete_button.png; sourceTree = "<group>"; };
		B5E3AB30169293F30076A99E /* CoreLocation.framework */ = {isa = PBXFileReference; lastKnownFileType = wrapper.framework; name = CoreLocation.framework; path = System/Library/Frameworks/CoreLocation.framework; sourceTree = SDKROOT; };
		B5EA2E0616D2B369007E6B14 /* WooshCardTableViewCell.xib */ = {isa = PBXFileReference; fileEncoding = 4; lastKnownFileType = file.xib; name = WooshCardTableViewCell.xib; path = ../WooshCardTableViewCell.xib; sourceTree = "<group>"; };
		B5EA2E0816D2B5E5007E6B14 /* WooshCardTableViewCell.h */ = {isa = PBXFileReference; fileEncoding = 4; lastKnownFileType = sourcecode.c.h; path = WooshCardTableViewCell.h; sourceTree = "<group>"; };
		B5EA2E0916D2B5E5007E6B14 /* WooshCardTableViewCell.m */ = {isa = PBXFileReference; fileEncoding = 4; lastKnownFileType = sourcecode.c.objc; path = WooshCardTableViewCell.m; sourceTree = "<group>"; };
		B5F8E1931699FB03000FF293 /* NSData+Base64.h */ = {isa = PBXFileReference; fileEncoding = 4; lastKnownFileType = sourcecode.c.h; path = "NSData+Base64.h"; sourceTree = "<group>"; };
		B5F8E1941699FB03000FF293 /* NSData+Base64.m */ = {isa = PBXFileReference; fileEncoding = 4; lastKnownFileType = sourcecode.c.objc; path = "NSData+Base64.m"; sourceTree = "<group>"; };
/* End PBXFileReference section */

/* Begin PBXFrameworksBuildPhase section */
		B5B73F9316929105008A8BBC /* Frameworks */ = {
			isa = PBXFrameworksBuildPhase;
			buildActionMask = 2147483647;
			files = (
				B50D8E841903D40200C5BC2C /* SystemConfiguration.framework in Frameworks */,
				B5CAAA8F16A1900F0015CD67 /* AssetsLibrary.framework in Frameworks */,
				B5A360AA16958A2400AE9B92 /* CoreMotion.framework in Frameworks */,
				B5E3AB31169293F30076A99E /* CoreLocation.framework in Frameworks */,
				B5B73F9B16929105008A8BBC /* UIKit.framework in Frameworks */,
				B5B73F9D16929105008A8BBC /* Foundation.framework in Frameworks */,
				B5B73F9F16929105008A8BBC /* CoreGraphics.framework in Frameworks */,
			);
			runOnlyForDeploymentPostprocessing = 0;
		};
		B5B73FC716929105008A8BBC /* Frameworks */ = {
			isa = PBXFrameworksBuildPhase;
			buildActionMask = 2147483647;
			files = (
				B5B73FCE16929105008A8BBC /* UIKit.framework in Frameworks */,
				B5B73FCF16929105008A8BBC /* Foundation.framework in Frameworks */,
			);
			runOnlyForDeploymentPostprocessing = 0;
		};
/* End PBXFrameworksBuildPhase section */

/* Begin PBXGroup section */
		B50D8E851903D72100C5BC2C /* Reachability */ = {
			isa = PBXGroup;
			children = (
				B50D8E861903D73400C5BC2C /* Reachability.h */,
				B50D8E871903D73400C5BC2C /* Reachability.m */,
			);
			name = Reachability;
			sourceTree = "<group>";
		};
		B54922E816973694002C9438 /* Global */ = {
			isa = PBXGroup;
			children = (
				B54922EA169736A9002C9438 /* Woosh.h */,
				B54922EB169736A9002C9438 /* Woosh.m */,
			);
			name = Global;
			sourceTree = "<group>";
		};
		B5B73F8B16929105008A8BBC = {
			isa = PBXGroup;
			children = (
				B5B73FA016929105008A8BBC /* woosh-photo-app */,
				B5B73FD216929105008A8BBC /* woosh-photo-appTests */,
				B5B73F9916929105008A8BBC /* Frameworks */,
				B5B73F9716929105008A8BBC /* Products */,
			);
			sourceTree = "<group>";
		};
		B5B73F9716929105008A8BBC /* Products */ = {
			isa = PBXGroup;
			children = (
				B5B73F9616929105008A8BBC /* woosh-photo-app.app */,
				B5B73FCB16929105008A8BBC /* woosh-photo-appTests.xctest */,
			);
			name = Products;
			sourceTree = "<group>";
		};
		B5B73F9916929105008A8BBC /* Frameworks */ = {
			isa = PBXGroup;
			children = (
				B50D8E831903D40200C5BC2C /* SystemConfiguration.framework */,
				B5CAAA8E16A1900F0015CD67 /* AssetsLibrary.framework */,
				B5E3AB30169293F30076A99E /* CoreLocation.framework */,
				B5A360A916958A2400AE9B92 /* CoreMotion.framework */,
				B5B73F9A16929105008A8BBC /* UIKit.framework */,
				B5B73F9C16929105008A8BBC /* Foundation.framework */,
				B5B73F9E16929105008A8BBC /* CoreGraphics.framework */,
			);
			name = Frameworks;
			sourceTree = "<group>";
		};
		B5B73FA016929105008A8BBC /* woosh-photo-app */ = {
			isa = PBXGroup;
			children = (
				B54922E816973694002C9438 /* Global */,
				B50D8E851903D72100C5BC2C /* Reachability */,
				B5F8E18E1699FA69000FF293 /* Util */,
				B5B8189B16B58D37007E962F /* Views */,
				B5B73FA916929105008A8BBC /* AppDelegate.h */,
				B5B73FAA16929105008A8BBC /* AppDelegate.m */,
				B5B73FB216929105008A8BBC /* MainStoryboard_iPhone.storyboard */,
				B5B73FB516929105008A8BBC /* MainStoryboard_iPad.storyboard */,
				B5B73FB816929105008A8BBC /* FirstViewController.h */,
				B5B73FB916929105008A8BBC /* FirstViewController.m */,
				B5B73FBB16929105008A8BBC /* first.png */,
				B5B73FBD16929105008A8BBC /* first@2x.png */,
				B5B73FBF16929105008A8BBC /* SecondViewController.h */,
				B5B73FC016929105008A8BBC /* SecondViewController.m */,
				B52C7A6116B9D2F6003923C7 /* SettingsViewController.h */,
				B52C7A6216B9D2F6003923C7 /* SettingsViewController.m */,
				B5B73FC216929105008A8BBC /* second.png */,
				B5B73FC416929105008A8BBC /* second@2x.png */,
				B5B73FA116929105008A8BBC /* Supporting Files */,
			);
			path = "woosh-photo-app";
			sourceTree = "<group>";
		};
		B5B73FA116929105008A8BBC /* Supporting Files */ = {
			isa = PBXGroup;
			children = (
				B5D844FC16C7FADD008D190E /* iphone_delete_button.png */,
				B5B8189C16B58F3E007E962F /* woosh background.png */,
				B5B73FA216929105008A8BBC /* woosh-photo-app-Info.plist */,
				B5B73FA316929105008A8BBC /* InfoPlist.strings */,
				B5B73FA616929105008A8BBC /* main.m */,
				B5B73FA816929105008A8BBC /* woosh-photo-app-Prefix.pch */,
				B5B73FAC16929105008A8BBC /* Default.png */,
				B5B73FAE16929105008A8BBC /* Default@2x.png */,
				B5B73FB016929105008A8BBC /* Default-568h@2x.png */,
				B525B8DD16B4567C0011D811 /* woosh-icon-retina.png */,
				B525B8DA16B456710011D811 /* woosh-icon-standard.png */,
			);
			name = "Supporting Files";
			sourceTree = "<group>";
		};
		B5B73FD216929105008A8BBC /* woosh-photo-appTests */ = {
			isa = PBXGroup;
			children = (
				B5B73FD816929105008A8BBC /* woosh_photo_appTests.h */,
				B5B73FD916929105008A8BBC /* woosh_photo_appTests.m */,
				B5B73FD316929105008A8BBC /* Supporting Files */,
			);
			path = "woosh-photo-appTests";
			sourceTree = "<group>";
		};
		B5B73FD316929105008A8BBC /* Supporting Files */ = {
			isa = PBXGroup;
			children = (
				B5B73FD416929105008A8BBC /* woosh-photo-appTests-Info.plist */,
				B5B73FD516929105008A8BBC /* InfoPlist.strings */,
			);
			name = "Supporting Files";
			sourceTree = "<group>";
		};
		B5B8189B16B58D37007E962F /* Views */ = {
			isa = PBXGroup;
			children = (
				B5B8189516B58D2F007E962F /* LoginViewController.h */,
				B5B8189616B58D2F007E962F /* LoginViewController.m */,
				B5B8189716B58D2F007E962F /* LoginViewController.xib */,
				B5527AB816B5BAE700A7FD85 /* SignupViewController.h */,
				B5527AB916B5BAE700A7FD85 /* SignupViewController.m */,
				B5527ABA16B5BAE700A7FD85 /* SignupViewController.xib */,
				B5EA2E0616D2B369007E6B14 /* WooshCardTableViewCell.xib */,
				B5EA2E0816D2B5E5007E6B14 /* WooshCardTableViewCell.h */,
				B5EA2E0916D2B5E5007E6B14 /* WooshCardTableViewCell.m */,
				B57330A818E0929E003DA719 /* ViewPhotoViewController.h */,
				B57330A918E0929E003DA719 /* ViewPhotoViewController.m */,
			);
			name = Views;
			sourceTree = "<group>";
		};
		B5F8E18E1699FA69000FF293 /* Util */ = {
			isa = PBXGroup;
			children = (
				B5F8E1931699FB03000FF293 /* NSData+Base64.h */,
				B5F8E1941699FB03000FF293 /* NSData+Base64.m */,
			);
			name = Util;
			sourceTree = "<group>";
		};
/* End PBXGroup section */

/* Begin PBXNativeTarget section */
		B5B73F9516929105008A8BBC /* woosh-photo-app */ = {
			isa = PBXNativeTarget;
			buildConfigurationList = B5B73FDD16929105008A8BBC /* Build configuration list for PBXNativeTarget "woosh-photo-app" */;
			buildPhases = (
				B5B73F9216929105008A8BBC /* Sources */,
				B5B73F9316929105008A8BBC /* Frameworks */,
				B5B73F9416929105008A8BBC /* Resources */,
			);
			buildRules = (
			);
			dependencies = (
			);
			name = "woosh-photo-app";
			productName = "woosh-photo-app";
			productReference = B5B73F9616929105008A8BBC /* woosh-photo-app.app */;
			productType = "com.apple.product-type.application";
		};
		B5B73FCA16929105008A8BBC /* woosh-photo-appTests */ = {
			isa = PBXNativeTarget;
			buildConfigurationList = B5B73FE016929105008A8BBC /* Build configuration list for PBXNativeTarget "woosh-photo-appTests" */;
			buildPhases = (
				B5B73FC616929105008A8BBC /* Sources */,
				B5B73FC716929105008A8BBC /* Frameworks */,
				B5B73FC816929105008A8BBC /* Resources */,
				B5B73FC916929105008A8BBC /* ShellScript */,
			);
			buildRules = (
			);
			dependencies = (
				B5B73FD116929105008A8BBC /* PBXTargetDependency */,
			);
			name = "woosh-photo-appTests";
			productName = "woosh-photo-appTests";
			productReference = B5B73FCB16929105008A8BBC /* woosh-photo-appTests.xctest */;
			productType = "com.apple.product-type.bundle.unit-test";
		};
/* End PBXNativeTarget section */

/* Begin PBXProject section */
		B5B73F8D16929105008A8BBC /* Project object */ = {
			isa = PBXProject;
			attributes = {
				LastTestingUpgradeCheck = 0510;
				LastUpgradeCheck = 0450;
				ORGANIZATIONNAME = Luminos;
				TargetAttributes = {
					B5B73F9516929105008A8BBC = {
						DevelopmentTeam = 79DQ7XY455;
					};
				};
			};
			buildConfigurationList = B5B73F9016929105008A8BBC /* Build configuration list for PBXProject "woosh-photo-app" */;
			compatibilityVersion = "Xcode 3.2";
			developmentRegion = English;
			hasScannedForEncodings = 0;
			knownRegions = (
				en,
			);
			mainGroup = B5B73F8B16929105008A8BBC;
			productRefGroup = B5B73F9716929105008A8BBC /* Products */;
			projectDirPath = "";
			projectRoot = "";
			targets = (
				B5B73F9516929105008A8BBC /* woosh-photo-app */,
				B5B73FCA16929105008A8BBC /* woosh-photo-appTests */,
			);
		};
/* End PBXProject section */

/* Begin PBXResourcesBuildPhase section */
		B5B73F9416929105008A8BBC /* Resources */ = {
			isa = PBXResourcesBuildPhase;
			buildActionMask = 2147483647;
			files = (
				B5B73FA516929105008A8BBC /* InfoPlist.strings in Resources */,
				B5B73FAD16929105008A8BBC /* Default.png in Resources */,
				B5B73FAF16929105008A8BBC /* Default@2x.png in Resources */,
				B5B73FB116929105008A8BBC /* Default-568h@2x.png in Resources */,
				B5B73FB416929105008A8BBC /* MainStoryboard_iPhone.storyboard in Resources */,
				B5B73FB716929105008A8BBC /* MainStoryboard_iPad.storyboard in Resources */,
				B5B73FBC16929105008A8BBC /* first.png in Resources */,
				B5B73FBE16929105008A8BBC /* first@2x.png in Resources */,
				B5B73FC316929105008A8BBC /* second.png in Resources */,
				B5B73FC516929105008A8BBC /* second@2x.png in Resources */,
				B525B8DB16B456710011D811 /* woosh-icon-standard.png in Resources */,
				B525B8DE16B4567C0011D811 /* woosh-icon-retina.png in Resources */,
				B5B8189916B58D2F007E962F /* LoginViewController.xib in Resources */,
				B5B8189D16B58F3E007E962F /* woosh background.png in Resources */,
				B5527ABC16B5BAE700A7FD85 /* SignupViewController.xib in Resources */,
				B5D844FD16C7FADD008D190E /* iphone_delete_button.png in Resources */,
				B5EA2E0716D2B369007E6B14 /* WooshCardTableViewCell.xib in Resources */,
			);
			runOnlyForDeploymentPostprocessing = 0;
		};
		B5B73FC816929105008A8BBC /* Resources */ = {
			isa = PBXResourcesBuildPhase;
			buildActionMask = 2147483647;
			files = (
				B5B73FD716929105008A8BBC /* InfoPlist.strings in Resources */,
			);
			runOnlyForDeploymentPostprocessing = 0;
		};
/* End PBXResourcesBuildPhase section */

/* Begin PBXShellScriptBuildPhase section */
		B5B73FC916929105008A8BBC /* ShellScript */ = {
			isa = PBXShellScriptBuildPhase;
			buildActionMask = 2147483647;
			files = (
			);
			inputPaths = (
			);
			outputPaths = (
			);
			runOnlyForDeploymentPostprocessing = 0;
			shellPath = /bin/sh;
			shellScript = "# Run the unit tests in this test bundle.\n\"${SYSTEM_DEVELOPER_DIR}/Tools/RunUnitTests\"\n";
		};
/* End PBXShellScriptBuildPhase section */

/* Begin PBXSourcesBuildPhase section */
		B5B73F9216929105008A8BBC /* Sources */ = {
			isa = PBXSourcesBuildPhase;
			buildActionMask = 2147483647;
			files = (
				B5B73FA716929105008A8BBC /* main.m in Sources */,
				B5B73FAB16929105008A8BBC /* AppDelegate.m in Sources */,
				B5B73FBA16929105008A8BBC /* FirstViewController.m in Sources */,
				B5B73FC116929105008A8BBC /* SecondViewController.m in Sources */,
				B54922EC169736A9002C9438 /* Woosh.m in Sources */,
				B5F8E1951699FB03000FF293 /* NSData+Base64.m in Sources */,
				B57330AA18E0929E003DA719 /* ViewPhotoViewController.m in Sources */,
				B5B8189816B58D2F007E962F /* LoginViewController.m in Sources */,
				B5527ABB16B5BAE700A7FD85 /* SignupViewController.m in Sources */,
				B52C7A6316B9D2F6003923C7 /* SettingsViewController.m in Sources */,
				B50D8E881903D73400C5BC2C /* Reachability.m in Sources */,
				B5EA2E0A16D2B5E5007E6B14 /* WooshCardTableViewCell.m in Sources */,
			);
			runOnlyForDeploymentPostprocessing = 0;
		};
		B5B73FC616929105008A8BBC /* Sources */ = {
			isa = PBXSourcesBuildPhase;
			buildActionMask = 2147483647;
			files = (
				B5B73FDA16929105008A8BBC /* woosh_photo_appTests.m in Sources */,
			);
			runOnlyForDeploymentPostprocessing = 0;
		};
/* End PBXSourcesBuildPhase section */

/* Begin PBXTargetDependency section */
		B5B73FD116929105008A8BBC /* PBXTargetDependency */ = {
			isa = PBXTargetDependency;
			target = B5B73F9516929105008A8BBC /* woosh-photo-app */;
			targetProxy = B5B73FD016929105008A8BBC /* PBXContainerItemProxy */;
		};
/* End PBXTargetDependency section */

/* Begin PBXVariantGroup section */
		B5B73FA316929105008A8BBC /* InfoPlist.strings */ = {
			isa = PBXVariantGroup;
			children = (
				B5B73FA416929105008A8BBC /* en */,
			);
			name = InfoPlist.strings;
			sourceTree = "<group>";
		};
		B5B73FB216929105008A8BBC /* MainStoryboard_iPhone.storyboard */ = {
			isa = PBXVariantGroup;
			children = (
				B5B73FB316929105008A8BBC /* en */,
			);
			name = MainStoryboard_iPhone.storyboard;
			sourceTree = "<group>";
		};
		B5B73FB516929105008A8BBC /* MainStoryboard_iPad.storyboard */ = {
			isa = PBXVariantGroup;
			children = (
				B5B73FB616929105008A8BBC /* en */,
			);
			name = MainStoryboard_iPad.storyboard;
			sourceTree = "<group>";
		};
		B5B73FD516929105008A8BBC /* InfoPlist.strings */ = {
			isa = PBXVariantGroup;
			children = (
				B5B73FD616929105008A8BBC /* en */,
			);
			name = InfoPlist.strings;
			sourceTree = "<group>";
		};
/* End PBXVariantGroup section */

/* Begin XCBuildConfiguration section */
		B5B73FDB16929105008A8BBC /* Debug */ = {
			isa = XCBuildConfiguration;
			buildSettings = {
				ALWAYS_SEARCH_USER_PATHS = NO;
				CLANG_CXX_LANGUAGE_STANDARD = "gnu++0x";
				CLANG_CXX_LIBRARY = "libc++";
				CLANG_ENABLE_OBJC_ARC = YES;
				CLANG_WARN_EMPTY_BODY = YES;
				CLANG_WARN__DUPLICATE_METHOD_MATCH = YES;
				"CODE_SIGN_IDENTITY[sdk=iphoneos*]" = "iPhone Developer";
				COPY_PHASE_STRIP = NO;
				GCC_C_LANGUAGE_STANDARD = gnu99;
				GCC_DYNAMIC_NO_PIC = NO;
				GCC_OPTIMIZATION_LEVEL = 0;
				GCC_PREPROCESSOR_DEFINITIONS = (
					"DEBUG=1",
					"$(inherited)",
				);
				GCC_SYMBOLS_PRIVATE_EXTERN = NO;
				GCC_WARN_ABOUT_RETURN_TYPE = YES;
				GCC_WARN_UNINITIALIZED_AUTOS = YES;
				GCC_WARN_UNUSED_VARIABLE = YES;
				IPHONEOS_DEPLOYMENT_TARGET = 7.0;
				ONLY_ACTIVE_ARCH = YES;
				SDKROOT = iphoneos;
				TARGETED_DEVICE_FAMILY = "1,2";
			};
			name = Debug;
		};
		B5B73FDC16929105008A8BBC /* Release */ = {
			isa = XCBuildConfiguration;
			buildSettings = {
				ALWAYS_SEARCH_USER_PATHS = NO;
				CLANG_CXX_LANGUAGE_STANDARD = "gnu++0x";
				CLANG_CXX_LIBRARY = "libc++";
				CLANG_ENABLE_OBJC_ARC = YES;
				CLANG_WARN_EMPTY_BODY = YES;
				CLANG_WARN__DUPLICATE_METHOD_MATCH = YES;
				"CODE_SIGN_IDENTITY[sdk=iphoneos*]" = "iPhone Developer";
				COPY_PHASE_STRIP = YES;
				GCC_C_LANGUAGE_STANDARD = gnu99;
				GCC_WARN_ABOUT_RETURN_TYPE = YES;
				GCC_WARN_UNINITIALIZED_AUTOS = YES;
				GCC_WARN_UNUSED_VARIABLE = YES;
				IPHONEOS_DEPLOYMENT_TARGET = 7.0;
				OTHER_CFLAGS = "-DNS_BLOCK_ASSERTIONS=1";
				SDKROOT = iphoneos;
				TARGETED_DEVICE_FAMILY = "1,2";
				VALIDATE_PRODUCT = YES;
			};
			name = Release;
		};
		B5B73FDE16929105008A8BBC /* Debug */ = {
			isa = XCBuildConfiguration;
			buildSettings = {
				CODE_SIGN_IDENTITY = "iPhone Developer";
				"CODE_SIGN_IDENTITY[sdk=iphoneos*]" = "iPhone Developer";
				GCC_PRECOMPILE_PREFIX_HEADER = YES;
				GCC_PREFIX_HEADER = "woosh-photo-app/woosh-photo-app-Prefix.pch";
				INFOPLIST_FILE = "woosh-photo-app/woosh-photo-app-Info.plist";
				IPHONEOS_DEPLOYMENT_TARGET = 7.0;
				PRODUCT_NAME = "$(TARGET_NAME)";
				PROVISIONING_PROFILE = "";
				TARGETED_DEVICE_FAMILY = 1;
				WRAPPER_EXTENSION = app;
			};
			name = Debug;
		};
		B5B73FDF16929105008A8BBC /* Release */ = {
			isa = XCBuildConfiguration;
			buildSettings = {
				CODE_SIGN_IDENTITY = "iPhone Developer";
				"CODE_SIGN_IDENTITY[sdk=iphoneos*]" = "iPhone Developer";
				GCC_PRECOMPILE_PREFIX_HEADER = YES;
				GCC_PREFIX_HEADER = "woosh-photo-app/woosh-photo-app-Prefix.pch";
				INFOPLIST_FILE = "woosh-photo-app/woosh-photo-app-Info.plist";
				IPHONEOS_DEPLOYMENT_TARGET = 7.0;
				PRODUCT_NAME = "$(TARGET_NAME)";
				PROVISIONING_PROFILE = "";
				TARGETED_DEVICE_FAMILY = 1;
				WRAPPER_EXTENSION = app;
			};
			name = Release;
		};
		B5B73FE116929105008A8BBC /* Debug */ = {
			isa = XCBuildConfiguration;
			buildSettings = {
				BUNDLE_LOADER = "$(BUILT_PRODUCTS_DIR)/woosh-photo-app.app/woosh-photo-app";
				FRAMEWORK_SEARCH_PATHS = (
					"\\\"$(SDKROOT)/Developer/Library/Frameworks\\\"",
					"\\\"$(DEVELOPER_LIBRARY_DIR)/Frameworks\\\"",
					"$(inherited)",
				);
				GCC_PRECOMPILE_PREFIX_HEADER = YES;
				GCC_PREFIX_HEADER = "woosh-photo-app/woosh-photo-app-Prefix.pch";
				INFOPLIST_FILE = "woosh-photo-appTests/woosh-photo-appTests-Info.plist";
				PRODUCT_NAME = "$(TARGET_NAME)";
				TEST_HOST = "$(BUNDLE_LOADER)";
			};
			name = Debug;
		};
		B5B73FE216929105008A8BBC /* Release */ = {
			isa = XCBuildConfiguration;
			buildSettings = {
				BUNDLE_LOADER = "$(BUILT_PRODUCTS_DIR)/woosh-photo-app.app/woosh-photo-app";
				FRAMEWORK_SEARCH_PATHS = (
					"\\\"$(SDKROOT)/Developer/Library/Frameworks\\\"",
					"\\\"$(DEVELOPER_LIBRARY_DIR)/Frameworks\\\"",
					"$(inherited)",
				);
				GCC_PRECOMPILE_PREFIX_HEADER = YES;
				GCC_PREFIX_HEADER = "woosh-photo-app/woosh-photo-app-Prefix.pch";
				INFOPLIST_FILE = "woosh-photo-appTests/woosh-photo-appTests-Info.plist";
				PRODUCT_NAME = "$(TARGET_NAME)";
				TEST_HOST = "$(BUNDLE_LOADER)";
			};
			name = Release;
		};
/* End XCBuildConfiguration section */

/* Begin XCConfigurationList section */
		B5B73F9016929105008A8BBC /* Build configuration list for PBXProject "woosh-photo-app" */ = {
			isa = XCConfigurationList;
			buildConfigurations = (
				B5B73FDB16929105008A8BBC /* Debug */,
				B5B73FDC16929105008A8BBC /* Release */,
			);
			defaultConfigurationIsVisible = 0;
			defaultConfigurationName = Release;
		};
		B5B73FDD16929105008A8BBC /* Build configuration list for PBXNativeTarget "woosh-photo-app" */ = {
			isa = XCConfigurationList;
			buildConfigurations = (
				B5B73FDE16929105008A8BBC /* Debug */,
				B5B73FDF16929105008A8BBC /* Release */,
			);
			defaultConfigurationIsVisible = 0;
			defaultConfigurationName = Release;
		};
		B5B73FE016929105008A8BBC /* Build configuration list for PBXNativeTarget "woosh-photo-appTests" */ = {
			isa = XCConfigurationList;
			buildConfigurations = (
				B5B73FE116929105008A8BBC /* Debug */,
				B5B73FE216929105008A8BBC /* Release */,
			);
			defaultConfigurationIsVisible = 0;
			defaultConfigurationName = Release;
		};
/* End XCConfigurationList section */
	};
	rootObject = B5B73F8D16929105008A8BBC /* Project object */;
}
